
Microsoft Visual Studio Solution File, Format Version 12.00
# Visual Studio 15
Project("{FAE04EC0-301F-11D3-BF4B-00C04F79EFBC}") = "AnnoBibLibrary-Shared", "AnnoBibLibrary-Shared\AnnoBibLibrary-Shared.csproj", "{1723F6CF-57FD-47BD-891D-7235142460A3}"
EndProject
Project("{FAE04EC0-301F-11D3-BF4B-00C04F79EFBC}") = "AnnoBibLibrary-Tests", "AnnoBibLibrary-Tests\AnnoBibLibrary-Tests.csproj", "{52E86E60-CE6D-4D30-94E0-0FC3AF9544C3}"
EndProject
Global
	GlobalSection(SolutionConfigurationPlatforms) = preSolution
		Debug|Any CPU = Debug|Any CPU
		Release|Any CPU = Release|Any CPU
	EndGlobalSection
	GlobalSection(ProjectConfigurationPlatforms) = postSolution
		{1723F6CF-57FD-47BD-891D-7235142460A3}.Debug|Any CPU.ActiveCfg = Debug|Any CPU
		{1723F6CF-57FD-47BD-891D-7235142460A3}.Debug|Any CPU.Build.0 = Debug|Any CPU
		{1723F6CF-57FD-47BD-891D-7235142460A3}.Release|Any CPU.ActiveCfg = Release|Any CPU
		{1723F6CF-57FD-47BD-891D-7235142460A3}.Release|Any CPU.Build.0 = Release|Any CPU
		{52E86E60-CE6D-4D30-94E0-0FC3AF9544C3}.Debug|Any CPU.ActiveCfg = Debug|Any CPU
		{52E86E60-CE6D-4D30-94E0-0FC3AF9544C3}.Debug|Any CPU.Build.0 = Debug|Any CPU
		{52E86E60-CE6D-4D30-94E0-0FC3AF9544C3}.Release|Any CPU.ActiveCfg = Release|Any CPU
		{52E86E60-CE6D-4D30-94E0-0FC3AF9544C3}.Release|Any CPU.Build.0 = Release|Any CPU
	EndGlobalSection
EndGlobal
